<?xml version="1.0" encoding="utf-8"?>
<Project ToolsVersion="4.0" xmlns="http://schemas.microsoft.com/developer/msbuild/2003">
  <ItemGroup>
    <Filter Include="소스 파일">
      <UniqueIdentifier>{4FC737F1-C7A5-4376-A066-2A32D752A2FF}</UniqueIdentifier>
      <Extensions>cpp;c;cc;cxx;def;odl;idl;hpj;bat;asm;asmx</Extensions>
    </Filter>
    <Filter Include="헤더 파일">
      <UniqueIdentifier>{93995380-89BD-4b04-88EB-625FBE52EBFB}</UniqueIdentifier>
      <Extensions>h;hpp;hxx;hm;inl;inc;xsd</Extensions>
    </Filter>
    <Filter Include="리소스 파일">
      <UniqueIdentifier>{67DA6AB6-F800-4c08-8B7A-83BB121AAD01}</UniqueIdentifier>
      <Extensions>rc;ico;cur;bmp;dlg;rc2;rct;bin;rgs;gif;jpg;jpeg;jpe;resx;tiff;tif;png;wav;mfcribbon-ms</Extensions>
    </Filter>
  </ItemGroup>
  <ItemGroup>
    <ClCompile Include="main.cpp">
      <Filter>소스 파일</Filter>
    </ClCompile>
    <ClCompile Include="InitShader.cpp">
      <Filter>소스 파일</Filter>
    </ClCompile>
    <ClCompile Include="Object.cpp">
      <Filter>소스 파일</Filter>
    </ClCompile>
    <ClCompile Include="Camera.cpp">
      <Filter>소스 파일</Filter>
    </ClCompile>
    <ClCompile Include="Control.cpp">
      <Filter>소스 파일</Filter>
    </ClCompile>
    <ClCompile Include="ObjectLoader.cpp">
      <Filter>소스 파일</Filter>
    </ClCompile>
    <ClCompile Include="stb_image_aug.c">
      <Filter>소스 파일</Filter>
    </ClCompile>
    <ClCompile Include="SOIL.c">
      <Filter>소스 파일</Filter>
    </ClCompile>
    <ClCompile Include="image_helper.c">
      <Filter>소스 파일</Filter>
    </ClCompile>
    <ClCompile Include="image_DXT.c">
      <Filter>소스 파일</Filter>
    </ClCompile>
    <ClCompile Include="Floor.cpp">
      <Filter>소스 파일</Filter>
    </ClCompile>
  </ItemGroup>
  <ItemGroup>
    <ClInclude Include="include\Angel.h">
      <Filter>헤더 파일</Filter>
    </ClInclude>
    <ClInclude Include="include\mat.h">
      <Filter>헤더 파일</Filter>
    </ClInclude>
    <ClInclude Include="include\vec.h">
      <Filter>헤더 파일</Filter>
    </ClInclude>
    <ClInclude Include="include\CheckError.h">
      <Filter>헤더 파일</Filter>
    </ClInclude>
    <ClInclude Include="main.h">
      <Filter>헤더 파일</Filter>
    </ClInclude>
    <ClInclude Include="Object.h">
      <Filter>헤더 파일</Filter>
    </ClInclude>
    <ClInclude Include="Camera.h">
      <Filter>헤더 파일</Filter>
    </ClInclude>
    <ClInclude Include="MatrixStack.h">
      <Filter>헤더 파일</Filter>
    </ClInclude>
    <ClInclude Include="Control.h">
      <Filter>헤더 파일</Filter>
    </ClInclude>
    <ClInclude Include="ObjectLoader.h">
      <Filter>헤더 파일</Filter>
    </ClInclude>
    <ClInclude Include="image_DXT.h">
      <Filter>헤더 파일</Filter>
    </ClInclude>
    <ClInclude Include="image_helper.h">
      <Filter>헤더 파일</Filter>
    </ClInclude>
    <ClInclude Include="SOIL.h">
      <Filter>헤더 파일</Filter>
    </ClInclude>
    <ClInclude Include="stb_image_aug.h">
      <Filter>헤더 파일</Filter>
    </ClInclude>
    <ClInclude Include="stbi_DDS_aug.h">
      <Filter>헤더 파일</Filter>
    </ClInclude>
    <ClInclude Include="stbi_DDS_aug_c.h">
      <Filter>헤더 파일</Filter>
    </ClInclude>
    <ClInclude Include="Floor.h">
      <Filter>헤더 파일</Filter>
    </ClInclude>
  </ItemGroup>
  <ItemGroup>
    <None Include="vertex.glsl">
      <Filter>소스 파일</Filter>
    </None>
    <None Include="fragment.glsl">
      <Filter>소스 파일</Filter>
    </None>
    <None Include="select.glsl">
      <Filter>소스 파일</Filter>
    </None>
    <None Include="vertex_selected.glsl">
      <Filter>소스 파일</Filter>
    </None>
  </ItemGroup>
</Project>